// !$*UTF8*$!
{
	archiveVersion = 1;
	classes = {
	};
	objectVersion = 46;
	objects = {

/* Begin PBXBuildFile section */
		61FE2A2D1927392700CA38FA /* main.cpp in Sources */ = {isa = PBXBuildFile; fileRef = 61FE2A2C1927392700CA38FA /* main.cpp */; };
		61FE2A2F1927392700CA38FA /* timepass.1 in CopyFiles */ = {isa = PBXBuildFile; fileRef = 61FE2A2E1927392700CA38FA /* timepass.1 */; };
/* End PBXBuildFile section */

/* Begin PBXCopyFilesBuildPhase section */
		61FE2A271927392700CA38FA /* CopyFiles */ = {
			isa = PBXCopyFilesBuildPhase;
			buildActionMask = 2147483647;
			dstPath = /usr/share/man/man1/;
			dstSubfolderSpec = 0;
			files = (
				61FE2A2F1927392700CA38FA /* timepass.1 in CopyFiles */,
			);
			runOnlyForDeploymentPostprocessing = 1;
		};
/* End PBXCopyFilesBuildPhase section */

/* Begin PBXFileReference section */
		61FE2A291927392700CA38FA /* timepass */ = {isa = PBXFileReference; explicitFileType = "compiled.mach-o.executable"; includeInIndex = 0; path = timepass; sourceTree = BUILT_PRODUCTS_DIR; };
		61FE2A2C1927392700CA38FA /* main.cpp */ = {isa = PBXFileReference; lastKnownFileType = sourcecode.cpp.cpp; path = main.cpp; sourceTree = "<group>"; };
		61FE2A2E1927392700CA38FA /* timepass.1 */ = {isa = PBXFileReference; lastKnownFileType = text.man; path = timepass.1; sourceTree = "<group>"; };
/* End PBXFileReference section */

/* Begin PBXFrameworksBuildPhase section */
		61FE2A261927392700CA38FA /* Frameworks */ = {
			isa = PBXFrameworksBuildPhase;
			buildActionMask = 2147483647;
			files = (
			);
			runOnlyForDeploymentPostprocessing = 0;
		};
/* End PBXFrameworksBuildPhase section */

/* Begin PBXGroup section */
		61FE2A201927392700CA38FA = {
			isa = PBXGroup;
			children = (
				61FE2A2B1927392700CA38FA /* timepass */,
				61FE2A2A1927392700CA38FA /* Products */,
			);
			sourceTree = "<group>";
		};
		61FE2A2A1927392700CA38FA /* Products */ = {
			isa = PBXGroup;
			children = (
				61FE2A291927392700CA38FA /* timepass */,
			);
			name = Products;
			sourceTree = "<group>";
		};
		61FE2A2B1927392700CA38FA /* timepass */ = {
			isa = PBXGroup;
			children = (
				61FE2A2C1927392700CA38FA /* main.cpp */,
				61FE2A2E1927392700CA38FA /* timepass.1 */,
			);
			path = timepass;
			sourceTree = "<group>";
		};
/* End PBXGroup section */

/* Begin PBXNativeTarget section */
		61FE2A281927392700CA38FA /* timepass */ = {
			isa = PBXNativeTarget;
			buildConfigurationList = 61FE2A321927392700CA38FA /* Build configuration list for PBXNativeTarget "timepass" */;
			buildPhases = (
				61FE2A251927392700CA38FA /* Sources */,
				61FE2A261927392700CA38FA /* Frameworks */,
				61FE2A271927392700CA38FA /* CopyFiles */,
			);
			buildRules = (
			);
			dependencies = (
			);
			name = timepass;
			productName = timepass;
			productReference = 61FE2A291927392700CA38FA /* timepass */;
			productType = "com.apple.product-type.tool";
		};
/* End PBXNativeTarget section */

/* Begin PBXProject section */
		61FE2A211927392700CA38FA /* Project object */ = {
			isa = PBXProject;
			attributes = {
				LastUpgradeCheck = 0510;
				ORGANIZATIONNAME = "Manav Chawla";
			};
			buildConfigurationList = 61FE2A241927392700CA38FA /* Build configuration list for PBXProject "timepass" */;
			compatibilityVersion = "Xcode 3.2";
			developmentRegion = English;
			hasScannedForEncodings = 0;
			knownRegions = (
				en,
			);
			mainGroup = 61FE2A201927392700CA38FA;
			productRefGroup = 61FE2A2A1927392700CA38FA /* Products */;
			projectDirPath = "";
			projectRoot = "";
			targets = (
				61FE2A281927392700CA38FA /* timepass */,
			);
		};
/* End PBXProject section */

/* Begin PBXSourcesBuildPhase section */
		61FE2A251927392700CA38FA /* Sources */ = {
			isa = PBXSourcesBuildPhase;
			buildActionMask = 2147483647;
			files = (
				61FE2A2D1927392700CA38FA /* main.cpp in Sources */,
			);
			runOnlyForDeploymentPostprocessing = 0;
		};
/* End PBXSourcesBuildPhase section */

/* Begin XCBuildConfiguration section */
		61FE2A301927392700CA38FA /* Debug */ = {
			isa = XCBuildConfiguration;
			buildSettings = {
				ALWAYS_SEARCH_USER_PATHS = NO;
				CLANG_CXX_LANGUAGE_STANDARD = "gnu++0x";
				CLANG_CXX_LIBRARY = "libc++";
				CLANG_ENABLE_MODULES = YES;
				CLANG_ENABLE_OBJC_ARC = YES;
				CLANG_WARN_BOOL_CONVERSION = YES;
				CLANG_WARN_CONSTANT_CONVERSION = YES;
				CLANG_WARN_DIRECT_OBJC_ISA_USAGE = YES_ERROR;
				CLANG_WARN_EMPTY_BODY = YES;
				CLANG_WARN_ENUM_CONVERSION = YES;
				CLANG_WARN_INT_CONVERSION = YES;
				CLANG_WARN_OBJC_ROOT_CLASS = YES_ERROR;
				CLANG_WARN__DUPLICATE_METHOD_MATCH = YES;
				COPY_PHASE_STRIP = NO;
				GCC_C_LANGUAGE_STANDARD = gnu99;
				GCC_DYNAMIC_NO_PIC = NO;
				GCC_ENABLE_OBJC_EXCEPTIONS = YES;
				GCC_OPTIMIZATION_LEVEL = 0;
				GCC_PREPROCESSOR_DEFINITIONS = (
					"DEBUG=1",
					"$(inherited)",
				);
				GCC_SYMBOLS_PRIVATE_EXTERN = NO;
				GCC_WARN_64_TO_32_BIT_CONVERSION = YES;
				GCC_WARN_ABOUT_RETURN_TYPE = YES_ERROR;
				GCC_WARN_UNDECLARED_SELECTOR = YES;
				GCC_WARN_UNINITIALIZED_AUTOS = YES_AGGRESSIVE;
				GCC_WARN_UNUSED_FUNCTION = YES;
				GCC_WARN_UNUSED_VARIABLE = YES;
				MACOSX_DEPLOYMENT_TARGET = 10.9;
				ONLY_ACTIVE_ARCH = YES;
				SDKROOT = macosx;
			};
			name = Debug;
		};
		61FE2A311927392700CA38FA /* Release */ = {
			isa = XCBuildConfiguration;
			buildSettings = {
				ALWAYS_SEARCH_USER_PATHS = NO;
				CLANG_CXX_LANGUAGE_STANDARD = "gnu++0x";
				CLANG_CXX_LIBRARY = "libc++";
				CLANG_ENABLE_MODULES = YES;
				CLANG_ENABLE_OBJC_ARC = YES;
				CLANG_WARN_BOOL_CONVERSION = YES;
				CLANG_WARN_CONSTANT_CONVERSION = YES;
				CLANG_WARN_DIRECT_OBJC_ISA_USAGE = YES_ERROR;
				CLANG_WARN_EMPTY_BODY = YES;
				CLANG_WARN_ENUM_CONVERSION = YES;
				CLANG_WARN_INT_CONVERSION = YES;
				CLANG_WARN_OBJC_ROOT_CLASS = YES_ERROR;
				CLANG_WARN__DUPLICATE_METHOD_MATCH = YES;
				COPY_PHASE_STRIP = YES;
				DEBUG_INFORMATION_FORMAT = "dwarf-with-dsym";
				ENABLE_NS_ASSERTIONS = NO;
				GCC_C_LANGUAGE_STANDARD = gnu99;
				GCC_ENABLE_OBJC_EXCEPTIONS = YES;
				GCC_WARN_64_TO_32_BIT_CONVERSION = YES;
				GCC_WARN_ABOUT_RETURN_TYPE = YES_ERROR;
				GCC_WARN_UNDECLARED_SELECTOR = YES;
				GCC_WARN_UNINITIALIZED_AUTOS = YES_AGGRESSIVE;
				GCC_WARN_UNUSED_FUNCTION = YES;
				GCC_WARN_UNUSED_VARIABLE = YES;
				MACOSX_DEPLOYMENT_TARGET = 10.9;
				SDKROOT = macosx;
			};
			name = Release;
		};
		61FE2A331927392700CA38FA /* Debug */ = {
			isa = XCBuildConfiguration;
			buildSettings = {
				PRODUCT_NAME = "$(TARGET_NAME)";
			};
			name = Debug;
		};
		61FE2A341927392700CA38FA /* Release */ = {
			isa = XCBuildConfiguration;
			buildSettings = {
				PRODUCT_NAME = "$(TARGET_NAME)";
			};
			name = Release;
		};
/* End XCBuildConfiguration section */

/* Begin XCConfigurationList section */
		61FE2A241927392700CA38FA /* Build configuration list for PBXProject "timepass" */ = {
			isa = XCConfigurationList;
			buildConfigurations = (
				61FE2A301927392700CA38FA /* Debug */,
				61FE2A311927392700CA38FA /* Release */,
			);
			defaultConfigurationIsVisible = 0;
			defaultConfigurationName = Release;
		};
		61FE2A321927392700CA38FA /* Build configuration list for PBXNativeTarget "timepass" */ = {
			isa = XCConfigurationList;
			buildConfigurations = (
				61FE2A331927392700CA38FA /* Debug */,
				61FE2A341927392700CA38FA /* Release */,
			);
			defaultConfigurationIsVisible = 0;
		};
/* End XCConfigurationList section */
	};
	rootObject = 61FE2A211927392700CA38FA /* Project object */;
}
