// !$*UTF8*$!
{
	archiveVersion = 1;
	classes = {
	};
	objectVersion = 46;
	objects = {

/* Begin PBXBuildFile section */
		619E95971B7A325F00C55C2F /* main.cpp in Sources */ = {isa = PBXBuildFile; fileRef = 619E95961B7A325F00C55C2F /* main.cpp */; };
/* End PBXBuildFile section */

/* Begin PBXCopyFilesBuildPhase section */
		619E95911B7A325F00C55C2F /* CopyFiles */ = {
			isa = PBXCopyFilesBuildPhase;
			buildActionMask = 2147483647;
			dstPath = /usr/share/man/man1/;
			dstSubfolderSpec = 0;
			files = (
			);
			runOnlyForDeploymentPostprocessing = 1;
		};
/* End PBXCopyFilesBuildPhase section */

/* Begin PBXFileReference section */
		619E95931B7A325F00C55C2F /* testers and bloopers */ = {isa = PBXFileReference; explicitFileType = "compiled.mach-o.executable"; includeInIndex = 0; path = "testers and bloopers"; sourceTree = BUILT_PRODUCTS_DIR; };
		619E95961B7A325F00C55C2F /* main.cpp */ = {isa = PBXFileReference; lastKnownFileType = sourcecode.cpp.cpp; path = main.cpp; sourceTree = "<group>"; };
/* End PBXFileReference section */

/* Begin PBXFrameworksBuildPhase section */
		619E95901B7A325F00C55C2F /* Frameworks */ = {
			isa = PBXFrameworksBuildPhase;
			buildActionMask = 2147483647;
			files = (
			);
			runOnlyForDeploymentPostprocessing = 0;
		};
/* End PBXFrameworksBuildPhase section */

/* Begin PBXGroup section */
		619E958A1B7A325F00C55C2F = {
			isa = PBXGroup;
			children = (
				619E95951B7A325F00C55C2F /* testers and bloopers */,
				619E95941B7A325F00C55C2F /* Products */,
			);
			sourceTree = "<group>";
		};
		619E95941B7A325F00C55C2F /* Products */ = {
			isa = PBXGroup;
			children = (
				619E95931B7A325F00C55C2F /* testers and bloopers */,
			);
			name = Products;
			sourceTree = "<group>";
		};
		619E95951B7A325F00C55C2F /* testers and bloopers */ = {
			isa = PBXGroup;
			children = (
				619E95961B7A325F00C55C2F /* main.cpp */,
			);
			path = "testers and bloopers";
			sourceTree = "<group>";
		};
/* End PBXGroup section */

/* Begin PBXNativeTarget section */
		619E95921B7A325F00C55C2F /* testers and bloopers */ = {
			isa = PBXNativeTarget;
			buildConfigurationList = 619E959A1B7A325F00C55C2F /* Build configuration list for PBXNativeTarget "testers and bloopers" */;
			buildPhases = (
				619E958F1B7A325F00C55C2F /* Sources */,
				619E95901B7A325F00C55C2F /* Frameworks */,
				619E95911B7A325F00C55C2F /* CopyFiles */,
			);
			buildRules = (
			);
			dependencies = (
			);
			name = "testers and bloopers";
			productName = "testers and bloopers";
			productReference = 619E95931B7A325F00C55C2F /* testers and bloopers */;
			productType = "com.apple.product-type.tool";
		};
/* End PBXNativeTarget section */

/* Begin PBXProject section */
		619E958B1B7A325F00C55C2F /* Project object */ = {
			isa = PBXProject;
			attributes = {
				LastUpgradeCheck = 0640;
				ORGANIZATIONNAME = "Manav Chawla";
				TargetAttributes = {
					619E95921B7A325F00C55C2F = {
						CreatedOnToolsVersion = 6.4;
					};
				};
			};
			buildConfigurationList = 619E958E1B7A325F00C55C2F /* Build configuration list for PBXProject "testers and bloopers" */;
			compatibilityVersion = "Xcode 3.2";
			developmentRegion = English;
			hasScannedForEncodings = 0;
			knownRegions = (
				en,
			);
			mainGroup = 619E958A1B7A325F00C55C2F;
			productRefGroup = 619E95941B7A325F00C55C2F /* Products */;
			projectDirPath = "";
			projectRoot = "";
			targets = (
				619E95921B7A325F00C55C2F /* testers and bloopers */,
			);
		};
/* End PBXProject section */

/* Begin PBXSourcesBuildPhase section */
		619E958F1B7A325F00C55C2F /* Sources */ = {
			isa = PBXSourcesBuildPhase;
			buildActionMask = 2147483647;
			files = (
				619E95971B7A325F00C55C2F /* main.cpp in Sources */,
			);
			runOnlyForDeploymentPostprocessing = 0;
		};
/* End PBXSourcesBuildPhase section */

/* Begin XCBuildConfiguration section */
		619E95981B7A325F00C55C2F /* Debug */ = {
			isa = XCBuildConfiguration;
			buildSettings = {
				ALWAYS_SEARCH_USER_PATHS = NO;
				CLANG_CXX_LANGUAGE_STANDARD = "gnu++0x";
				CLANG_CXX_LIBRARY = "libc++";
				CLANG_ENABLE_MODULES = YES;
				CLANG_ENABLE_OBJC_ARC = YES;
				CLANG_WARN_BOOL_CONVERSION = YES;
				CLANG_WARN_CONSTANT_CONVERSION = YES;
				CLANG_WARN_DIRECT_OBJC_ISA_USAGE = YES_ERROR;
				CLANG_WARN_EMPTY_BODY = YES;
				CLANG_WARN_ENUM_CONVERSION = YES;
				CLANG_WARN_INT_CONVERSION = YES;
				CLANG_WARN_OBJC_ROOT_CLASS = YES_ERROR;
				CLANG_WARN_UNREACHABLE_CODE = YES;
				CLANG_WARN__DUPLICATE_METHOD_MATCH = YES;
				COPY_PHASE_STRIP = NO;
				DEBUG_INFORMATION_FORMAT = dwarf;
				ENABLE_STRICT_OBJC_MSGSEND = YES;
				GCC_C_LANGUAGE_STANDARD = gnu99;
				GCC_DYNAMIC_NO_PIC = NO;
				GCC_NO_COMMON_BLOCKS = YES;
				GCC_OPTIMIZATION_LEVEL = 0;
				GCC_PREPROCESSOR_DEFINITIONS = (
					"DEBUG=1",
					"$(inherited)",
				);
				GCC_SYMBOLS_PRIVATE_EXTERN = NO;
				GCC_WARN_64_TO_32_BIT_CONVERSION = YES;
				GCC_WARN_ABOUT_RETURN_TYPE = YES_ERROR;
				GCC_WARN_UNDECLARED_SELECTOR = YES;
				GCC_WARN_UNINITIALIZED_AUTOS = YES_AGGRESSIVE;
				GCC_WARN_UNUSED_FUNCTION = YES;
				GCC_WARN_UNUSED_VARIABLE = YES;
				MACOSX_DEPLOYMENT_TARGET = 10.10;
				MTL_ENABLE_DEBUG_INFO = YES;
				ONLY_ACTIVE_ARCH = YES;
				SDKROOT = macosx;
			};
			name = Debug;
		};
		619E95991B7A325F00C55C2F /* Release */ = {
			isa = XCBuildConfiguration;
			buildSettings = {
				ALWAYS_SEARCH_USER_PATHS = NO;
				CLANG_CXX_LANGUAGE_STANDARD = "gnu++0x";
				CLANG_CXX_LIBRARY = "libc++";
				CLANG_ENABLE_MODULES = YES;
				CLANG_ENABLE_OBJC_ARC = YES;
				CLANG_WARN_BOOL_CONVERSION = YES;
				CLANG_WARN_CONSTANT_CONVERSION = YES;
				CLANG_WARN_DIRECT_OBJC_ISA_USAGE = YES_ERROR;
				CLANG_WARN_EMPTY_BODY = YES;
				CLANG_WARN_ENUM_CONVERSION = YES;
				CLANG_WARN_INT_CONVERSION = YES;
				CLANG_WARN_OBJC_ROOT_CLASS = YES_ERROR;
				CLANG_WARN_UNREACHABLE_CODE = YES;
				CLANG_WARN__DUPLICATE_METHOD_MATCH = YES;
				COPY_PHASE_STRIP = NO;
				DEBUG_INFORMATION_FORMAT = "dwarf-with-dsym";
				ENABLE_NS_ASSERTIONS = NO;
				ENABLE_STRICT_OBJC_MSGSEND = YES;
				GCC_C_LANGUAGE_STANDARD = gnu99;
				GCC_NO_COMMON_BLOCKS = YES;
				GCC_WARN_64_TO_32_BIT_CONVERSION = YES;
				GCC_WARN_ABOUT_RETURN_TYPE = YES_ERROR;
				GCC_WARN_UNDECLARED_SELECTOR = YES;
				GCC_WARN_UNINITIALIZED_AUTOS = YES_AGGRESSIVE;
				GCC_WARN_UNUSED_FUNCTION = YES;
				GCC_WARN_UNUSED_VARIABLE = YES;
				MACOSX_DEPLOYMENT_TARGET = 10.10;
				MTL_ENABLE_DEBUG_INFO = NO;
				SDKROOT = macosx;
			};
			name = Release;
		};
		619E959B1B7A325F00C55C2F /* Debug */ = {
			isa = XCBuildConfiguration;
			buildSettings = {
				PRODUCT_NAME = "$(TARGET_NAME)";
			};
			name = Debug;
		};
		619E959C1B7A325F00C55C2F /* Release */ = {
			isa = XCBuildConfiguration;
			buildSettings = {
				PRODUCT_NAME = "$(TARGET_NAME)";
			};
			name = Release;
		};
/* End XCBuildConfiguration section */

/* Begin XCConfigurationList section */
		619E958E1B7A325F00C55C2F /* Build configuration list for PBXProject "testers and bloopers" */ = {
			isa = XCConfigurationList;
			buildConfigurations = (
				619E95981B7A325F00C55C2F /* Debug */,
				619E95991B7A325F00C55C2F /* Release */,
			);
			defaultConfigurationIsVisible = 0;
			defaultConfigurationName = Release;
		};
		619E959A1B7A325F00C55C2F /* Build configuration list for PBXNativeTarget "testers and bloopers" */ = {
			isa = XCConfigurationList;
			buildConfigurations = (
				619E959B1B7A325F00C55C2F /* Debug */,
				619E959C1B7A325F00C55C2F /* Release */,
			);
			defaultConfigurationIsVisible = 0;
		};
/* End XCConfigurationList section */
	};
	rootObject = 619E958B1B7A325F00C55C2F /* Project object */;
}
